{
    "_meta": {
        "hash": {
            "sha256": "8997a8dec59590e3367ea16449d3556b2533629167454062241ef1fd0534a8b6"
        },
        "pipfile-spec": 6,
        "requires": {
            "python_version": "3.10"
        },
        "sources": [
            {
                "name": "pypi",
                "url": "https://pypi.org/simple",
                "verify_ssl": true
            }
        ]
    },
    "default": {
        "codespell": {
            "hashes": [
                "sha256:19d3fe5644fef3425777e66f225a8c82d39059dcfe9edb3349a8a2cf48383ee5",
                "sha256:b864c7d917316316ac24272ee992d7937c3519be4569209c5b60035ac5d569b5"
            ],
            "index": "pypi",
            "version": "==2.1.0"
        }
    },
    "develop": {}
}
